
Microsoft Visual Studio Solution File, Format Version 12.00
# Visual Studio Version 16
VisualStudioVersion = 16.0.30621.155
MinimumVisualStudioVersion = 10.0.40219.1
Project("{FAE04EC0-301F-11D3-BF4B-00C04F79EFBC}") = "projectzarina", "projectzarina\projectzarina.csproj", "{50D258E6-83A7-4E6E-A471-5C40E31974A8}"
EndProject
Global
	GlobalSection(SolutionConfigurationPlatforms) = preSolution
		Debug|Any CPU = Debug|Any CPU
		Release|Any CPU = Release|Any CPU
	EndGlobalSection
	GlobalSection(ProjectConfigurationPlatforms) = postSolution
		{50D258E6-83A7-4E6E-A471-5C40E31974A8}.Debug|Any CPU.ActiveCfg = Debug|Any CPU
		{50D258E6-83A7-4E6E-A471-5C40E31974A8}.Debug|Any CPU.Build.0 = Debug|Any CPU
		{50D258E6-83A7-4E6E-A471-5C40E31974A8}.Release|Any CPU.ActiveCfg = Release|Any CPU
		{50D258E6-83A7-4E6E-A471-5C40E31974A8}.Release|Any CPU.Build.0 = Release|Any CPU
	EndGlobalSection
	GlobalSection(SolutionProperties) = preSolution
		HideSolutionNode = FALSE
	EndGlobalSection
	GlobalSection(ExtensibilityGlobals) = postSolution
		SolutionGuid = {3DFA3C2C-FAA6-4211-893F-646CE833C2BB}
	EndGlobalSection
EndGlobal
